# This file is automatically @generated by Poetry 1.5.1 and should not be changed by hand.

[[package]]
name = "coloredlogs"
version = "15.0.1"
description = "Colored terminal output for Python's logging module"
optional = false
python-versions = ">=2.7, !=3.0.*, !=3.1.*, !=3.2.*, !=3.3.*, !=3.4.*"
files = [
    {file = "coloredlogs-15.0.1-py2.py3-none-any.whl", hash = "sha256:612ee75c546f53e92e70049c9dbfcc18c935a2b9a53b66085ce9ef6a6e5c0934"},
    {file = "coloredlogs-15.0.1.tar.gz", hash = "sha256:7c991aa71a4577af2f82600d8f8f3a89f936baeaf9b50a9c197da014e5bf16b0"},
]

[package.dependencies]
humanfriendly = ">=9.1"

[package.extras]
cron = ["capturer (>=2.4)"]

[[package]]
name = "customtkinter"
version = "5.2.0"
description = "Create modern looking GUIs with Python"
optional = false
python-versions = ">=3.7"
files = [
    {file = "customtkinter-5.2.0-py3-none-any.whl", hash = "sha256:f8b2db189959033539884d7faff99ebbb654c18097d761ed844180e32f0b5929"},
    {file = "customtkinter-5.2.0.tar.gz", hash = "sha256:e93448a8d22121e20ec16e95960a8306e17cf7e0079766f5804b2e855e614937"},
]

[package.dependencies]
darkdetect = "*"

[[package]]
name = "darkdetect"
version = "0.8.0"
description = "Detect OS Dark Mode from Python"
optional = false
python-versions = ">=3.6"
files = [
    {file = "darkdetect-0.8.0-py3-none-any.whl", hash = "sha256:a7509ccf517eaad92b31c214f593dbcf138ea8a43b2935406bbd565e15527a85"},
    {file = "darkdetect-0.8.0.tar.gz", hash = "sha256:b5428e1170263eb5dea44c25dc3895edd75e6f52300986353cd63533fe7df8b1"},
]

[package.extras]
macos-listener = ["pyobjc-framework-Cocoa"]

[[package]]
name = "flatbuffers"
version = "23.5.26"
description = "The FlatBuffers serialization format for Python"
optional = false
python-versions = "*"
files = [
    {file = "flatbuffers-23.5.26-py2.py3-none-any.whl", hash = "sha256:c0ff356da363087b915fde4b8b45bdda73432fc17cddb3c8157472eab1422ad1"},
    {file = "flatbuffers-23.5.26.tar.gz", hash = "sha256:9ea1144cac05ce5d86e2859f431c6cd5e66cd9c78c558317c7955fb8d4c78d89"},
]

[[package]]
name = "humanfriendly"
version = "10.0"
description = "Human friendly output for text interfaces using Python"
optional = false
python-versions = ">=2.7, !=3.0.*, !=3.1.*, !=3.2.*, !=3.3.*, !=3.4.*"
files = [
    {file = "humanfriendly-10.0-py2.py3-none-any.whl", hash = "sha256:1697e1a8a8f550fd43c2865cd84542fc175a61dcb779b6fee18cf6b6ccba1477"},
    {file = "humanfriendly-10.0.tar.gz", hash = "sha256:6b0b831ce8f15f7300721aa49829fc4e83921a9a301cc7f606be6686a2288ddc"},
]

[package.dependencies]
pyreadline3 = {version = "*", markers = "sys_platform == \"win32\" and python_version >= \"3.8\""}

[[package]]
name = "mpmath"
version = "1.3.0"
description = "Python library for arbitrary-precision floating-point arithmetic"
optional = false
python-versions = "*"
files = [
    {file = "mpmath-1.3.0-py3-none-any.whl", hash = "sha256:a0b2b9fe80bbcd81a6647ff13108738cfb482d481d826cc0e02f5b35e5c88d2c"},
    {file = "mpmath-1.3.0.tar.gz", hash = "sha256:7a28eb2a9774d00c7bc92411c19a89209d5da7c4c9a9e227be8330a23a25b91f"},
]

[package.extras]
develop = ["codecov", "pycodestyle", "pytest (>=4.6)", "pytest-cov", "wheel"]
docs = ["sphinx"]
gmpy = ["gmpy2 (>=2.1.0a4)"]
tests = ["pytest (>=4.6)"]

[[package]]
name = "numpy"
version = "1.25.2"
description = "Fundamental package for array computing in Python"
optional = false
python-versions = ">=3.9"
files = [
    {file = "numpy-1.25.2-cp310-cp310-macosx_10_9_x86_64.whl", hash = "sha256:db3ccc4e37a6873045580d413fe79b68e47a681af8db2e046f1dacfa11f86eb3"},
    {file = "numpy-1.25.2-cp310-cp310-macosx_11_0_arm64.whl", hash = "sha256:90319e4f002795ccfc9050110bbbaa16c944b1c37c0baeea43c5fb881693ae1f"},
    {file = "numpy-1.25.2-cp310-cp310-manylinux_2_17_aarch64.manylinux2014_aarch64.whl", hash = "sha256:dfe4a913e29b418d096e696ddd422d8a5d13ffba4ea91f9f60440a3b759b0187"},
    {file = "numpy-1.25.2-cp310-cp310-manylinux_2_17_x86_64.manylinux2014_x86_64.whl", hash = "sha256:f08f2e037bba04e707eebf4bc934f1972a315c883a9e0ebfa8a7756eabf9e357"},
    {file = "numpy-1.25.2-cp310-cp310-musllinux_1_1_x86_64.whl", hash = "sha256:bec1e7213c7cb00d67093247f8c4db156fd03075f49876957dca4711306d39c9"},
    {file = "numpy-1.25.2-cp310-cp310-win32.whl", hash = "sha256:7dc869c0c75988e1c693d0e2d5b26034644399dd929bc049db55395b1379e044"},
    {file = "numpy-1.25.2-cp310-cp310-win_amd64.whl", hash = "sha256:834b386f2b8210dca38c71a6e0f4fd6922f7d3fcff935dbe3a570945acb1b545"},
    {file = "numpy-1.25.2-cp311-cp311-macosx_10_9_x86_64.whl", hash = "sha256:c5462d19336db4560041517dbb7759c21d181a67cb01b36ca109b2ae37d32418"},
    {file = "numpy-1.25.2-cp311-cp311-macosx_11_0_arm64.whl", hash = "sha256:c5652ea24d33585ea39eb6a6a15dac87a1206a692719ff45d53c5282e66d4a8f"},
    {file = "numpy-1.25.2-cp311-cp311-manylinux_2_17_aarch64.manylinux2014_aarch64.whl", hash = "sha256:0d60fbae8e0019865fc4784745814cff1c421df5afee233db6d88ab4f14655a2"},
    {file = "numpy-1.25.2-cp311-cp311-manylinux_2_17_x86_64.manylinux2014_x86_64.whl", hash = "sha256:60e7f0f7f6d0eee8364b9a6304c2845b9c491ac706048c7e8cf47b83123b8dbf"},
    {file = "numpy-1.25.2-cp311-cp311-musllinux_1_1_x86_64.whl", hash = "sha256:bb33d5a1cf360304754913a350edda36d5b8c5331a8237268c48f91253c3a364"},
    {file = "numpy-1.25.2-cp311-cp311-win32.whl", hash = "sha256:5883c06bb92f2e6c8181df7b39971a5fb436288db58b5a1c3967702d4278691d"},
    {file = "numpy-1.25.2-cp311-cp311-win_amd64.whl", hash = "sha256:5c97325a0ba6f9d041feb9390924614b60b99209a71a69c876f71052521d42a4"},
    {file = "numpy-1.25.2-cp39-cp39-macosx_10_9_x86_64.whl", hash = "sha256:b79e513d7aac42ae918db3ad1341a015488530d0bb2a6abcbdd10a3a829ccfd3"},
    {file = "numpy-1.25.2-cp39-cp39-macosx_11_0_arm64.whl", hash = "sha256:eb942bfb6f84df5ce05dbf4b46673ffed0d3da59f13635ea9b926af3deb76926"},
    {file = "numpy-1.25.2-cp39-cp39-manylinux_2_17_aarch64.manylinux2014_aarch64.whl", hash = "sha256:3e0746410e73384e70d286f93abf2520035250aad8c5714240b0492a7302fdca"},
    {file = "numpy-1.25.2-cp39-cp39-manylinux_2_17_x86_64.manylinux2014_x86_64.whl", hash = "sha256:d7806500e4f5bdd04095e849265e55de20d8cc4b661b038957354327f6d9b295"},
    {file = "numpy-1.25.2-cp39-cp39-musllinux_1_1_x86_64.whl", hash = "sha256:8b77775f4b7df768967a7c8b3567e309f617dd5e99aeb886fa14dc1a0791141f"},
    {file = "numpy-1.25.2-cp39-cp39-win32.whl", hash = "sha256:2792d23d62ec51e50ce4d4b7d73de8f67a2fd3ea710dcbc8563a51a03fb07b01"},
    {file = "numpy-1.25.2-cp39-cp39-win_amd64.whl", hash = "sha256:76b4115d42a7dfc5d485d358728cdd8719be33cc5ec6ec08632a5d6fca2ed380"},
    {file = "numpy-1.25.2-pp39-pypy39_pp73-macosx_10_9_x86_64.whl", hash = "sha256:1a1329e26f46230bf77b02cc19e900db9b52f398d6722ca853349a782d4cff55"},
    {file = "numpy-1.25.2-pp39-pypy39_pp73-manylinux_2_17_x86_64.manylinux2014_x86_64.whl", hash = "sha256:4c3abc71e8b6edba80a01a52e66d83c5d14433cbcd26a40c329ec7ed09f37901"},
    {file = "numpy-1.25.2-pp39-pypy39_pp73-win_amd64.whl", hash = "sha256:1b9735c27cea5d995496f46a8b1cd7b408b3f34b6d50459d9ac8fe3a20cc17bf"},
    {file = "numpy-1.25.2.tar.gz", hash = "sha256:fd608e19c8d7c55021dffd43bfe5492fab8cc105cc8986f813f8c3c048b38760"},
]

[[package]]
name = "onnxruntime"
version = "1.15.1"
description = "ONNX Runtime is a runtime accelerator for Machine Learning models"
optional = false
python-versions = "*"
files = [
    {file = "onnxruntime-1.15.1-cp310-cp310-macosx_10_15_x86_64.whl", hash = "sha256:baad59e6a763237fa39545325d29c16f98b8a45d2dfc524c67631e2e3ba44d16"},
    {file = "onnxruntime-1.15.1-cp310-cp310-macosx_11_0_arm64.whl", hash = "sha256:568c2db848f619a0a93e843c028e9fb4879929d40b04bd60f9ba6eb8d2e93421"},
    {file = "onnxruntime-1.15.1-cp310-cp310-manylinux_2_17_aarch64.manylinux2014_aarch64.whl", hash = "sha256:69088d7784bb04dedfd9e883e2c96e4adf8ae0451acdd0abb78d68f59ecc6d9d"},
    {file = "onnxruntime-1.15.1-cp310-cp310-manylinux_2_17_x86_64.manylinux2014_x86_64.whl", hash = "sha256:3cef43737b2cd886d5d718d100f56ec78c9c476c5db5f8f946e95024978fe754"},
    {file = "onnxruntime-1.15.1-cp310-cp310-win32.whl", hash = "sha256:79d7e65abb44a47c633ede8e53fe7b9756c272efaf169758c482c983cca98d7e"},
    {file = "onnxruntime-1.15.1-cp310-cp310-win_amd64.whl", hash = "sha256:8bc4c47682933a7a2c79808688aad5f12581305e182be552de50783b5438e6bd"},
    {file = "onnxruntime-1.15.1-cp311-cp311-macosx_10_15_x86_64.whl", hash = "sha256:652b2cb777f76446e3cc41072dd3d1585a6388aeff92b9de656724bc22e241e4"},
    {file = "onnxruntime-1.15.1-cp311-cp311-macosx_11_0_arm64.whl", hash = "sha256:89b86dbed15740abc385055a29c9673a212600248d702737ce856515bdeddc88"},
    {file = "onnxruntime-1.15.1-cp311-cp311-manylinux_2_17_aarch64.manylinux2014_aarch64.whl", hash = "sha256:ed5cdd9ee748149a57f4cdfa67187a0d68f75240645a3c688299dcd08742cc98"},
    {file = "onnxruntime-1.15.1-cp311-cp311-manylinux_2_17_x86_64.manylinux2014_x86_64.whl", hash = "sha256:2f748cce6a70ed38c19658615c55f4eedb9192765a4e9c4bd2682adfe980698d"},
    {file = "onnxruntime-1.15.1-cp311-cp311-win32.whl", hash = "sha256:e0312046e814c40066e7823da58075992d51364cbe739eeeb2345ec440c3ac59"},
    {file = "onnxruntime-1.15.1-cp311-cp311-win_amd64.whl", hash = "sha256:f0980969689cb956c22bd1318b271e1be260060b37f3ddd82c7d63bd7f2d9a79"},
    {file = "onnxruntime-1.15.1-cp38-cp38-macosx_10_15_x86_64.whl", hash = "sha256:345986cfdbd6f4b20a89b6a6cd9abd3e2ced2926ae0b6e91fefa8149f95c0f09"},
    {file = "onnxruntime-1.15.1-cp38-cp38-macosx_11_0_arm64.whl", hash = "sha256:a4d7b3ad75e040f1e95757f69826a11051737b31584938a26d466a0234c6de98"},
    {file = "onnxruntime-1.15.1-cp38-cp38-manylinux_2_17_aarch64.manylinux2014_aarch64.whl", hash = "sha256:3603d07b829bcc1c14963a76103e257aade8861eb208173b300cc26e118ec2f8"},
    {file = "onnxruntime-1.15.1-cp38-cp38-manylinux_2_17_x86_64.manylinux2014_x86_64.whl", hash = "sha256:d3df0625b9295daf1f7409ea55f72e1eeb38d54f5769add53372e79ddc3cf98d"},
    {file = "onnxruntime-1.15.1-cp38-cp38-win32.whl", hash = "sha256:f68b47fdf1a0406c0292f81ac993e2a2ae3e8b166b436d590eb221f64e8e187a"},
    {file = "onnxruntime-1.15.1-cp38-cp38-win_amd64.whl", hash = "sha256:52d762d297cc3f731f54fa65a3e329b813164970671547bef6414d0ed52765c9"},
    {file = "onnxruntime-1.15.1-cp39-cp39-macosx_10_15_x86_64.whl", hash = "sha256:99228f9f03dc1fc8af89a28c9f942e8bd3e97e894e263abe1a32e4ddb1f6363b"},
    {file = "onnxruntime-1.15.1-cp39-cp39-macosx_11_0_arm64.whl", hash = "sha256:45db7f96febb0cf23e3af147f35c4f8de1a37dd252d1cef853c242c2780250cd"},
    {file = "onnxruntime-1.15.1-cp39-cp39-manylinux_2_17_aarch64.manylinux2014_aarch64.whl", hash = "sha256:2bafc112a36db25c821b90ab747644041cb4218f6575889775a2c12dd958b8c3"},
    {file = "onnxruntime-1.15.1-cp39-cp39-manylinux_2_17_x86_64.manylinux2014_x86_64.whl", hash = "sha256:985693d18f2d46aa34fd44d7f65ff620660b2c8fa4b8ec365c2ca353f0fbdb27"},
    {file = "onnxruntime-1.15.1-cp39-cp39-win32.whl", hash = "sha256:708eb31b0c04724bf0f01c1309a9e69bbc09b85beb750e5662c8aed29f1ff9fd"},
    {file = "onnxruntime-1.15.1-cp39-cp39-win_amd64.whl", hash = "sha256:73d6de4c42dfde1e9dbea04773e6dc23346c8cda9c7e08c6554fafc97ac60138"},
]

[package.dependencies]
coloredlogs = "*"
flatbuffers = "*"
numpy = ">=1.21.6"
packaging = "*"
protobuf = "*"
sympy = "*"

[[package]]
name = "packaging"
version = "23.1"
description = "Core utilities for Python packages"
optional = false
python-versions = ">=3.7"
files = [
    {file = "packaging-23.1-py3-none-any.whl", hash = "sha256:994793af429502c4ea2ebf6bf664629d07c1a9fe974af92966e4b8d2df7edc61"},
    {file = "packaging-23.1.tar.gz", hash = "sha256:a392980d2b6cffa644431898be54b0045151319d1e7ec34f0cfed48767dd334f"},
]

[[package]]
name = "pillow"
version = "10.0.0"
description = "Python Imaging Library (Fork)"
optional = false
python-versions = ">=3.8"
files = [
    {file = "Pillow-10.0.0-cp310-cp310-macosx_10_10_x86_64.whl", hash = "sha256:1f62406a884ae75fb2f818694469519fb685cc7eaff05d3451a9ebe55c646891"},
    {file = "Pillow-10.0.0-cp310-cp310-macosx_11_0_arm64.whl", hash = "sha256:d5db32e2a6ccbb3d34d87c87b432959e0db29755727afb37290e10f6e8e62614"},
    {file = "Pillow-10.0.0-cp310-cp310-manylinux_2_17_aarch64.manylinux2014_aarch64.whl", hash = "sha256:edf4392b77bdc81f36e92d3a07a5cd072f90253197f4a52a55a8cec48a12483b"},
    {file = "Pillow-10.0.0-cp310-cp310-manylinux_2_17_x86_64.manylinux2014_x86_64.whl", hash = "sha256:520f2a520dc040512699f20fa1c363eed506e94248d71f85412b625026f6142c"},
    {file = "Pillow-10.0.0-cp310-cp310-manylinux_2_28_aarch64.whl", hash = "sha256:8c11160913e3dd06c8ffdb5f233a4f254cb449f4dfc0f8f4549eda9e542c93d1"},
    {file = "Pillow-10.0.0-cp310-cp310-manylinux_2_28_x86_64.whl", hash = "sha256:a74ba0c356aaa3bb8e3eb79606a87669e7ec6444be352870623025d75a14a2bf"},
    {file = "Pillow-10.0.0-cp310-cp310-musllinux_1_1_aarch64.whl", hash = "sha256:d5d0dae4cfd56969d23d94dc8e89fb6a217be461c69090768227beb8ed28c0a3"},
    {file = "Pillow-10.0.0-cp310-cp310-musllinux_1_1_x86_64.whl", hash = "sha256:22c10cc517668d44b211717fd9775799ccec4124b9a7f7b3635fc5386e584992"},
    {file = "Pillow-10.0.0-cp310-cp310-win_amd64.whl", hash = "sha256:dffe31a7f47b603318c609f378ebcd57f1554a3a6a8effbc59c3c69f804296de"},
    {file = "Pillow-10.0.0-cp311-cp311-macosx_10_10_x86_64.whl", hash = "sha256:9fb218c8a12e51d7ead2a7c9e101a04982237d4855716af2e9499306728fb485"},
    {file = "Pillow-10.0.0-cp311-cp311-macosx_11_0_arm64.whl", hash = "sha256:d35e3c8d9b1268cbf5d3670285feb3528f6680420eafe35cccc686b73c1e330f"},
    {file = "Pillow-10.0.0-cp311-cp311-manylinux_2_17_aarch64.manylinux2014_aarch64.whl", hash = "sha256:3ed64f9ca2f0a95411e88a4efbd7a29e5ce2cea36072c53dd9d26d9c76f753b3"},
    {file = "Pillow-10.0.0-cp311-cp311-manylinux_2_17_x86_64.manylinux2014_x86_64.whl", hash = "sha256:0b6eb5502f45a60a3f411c63187db83a3d3107887ad0d036c13ce836f8a36f1d"},
    {file = "Pillow-10.0.0-cp311-cp311-manylinux_2_28_aarch64.whl", hash = "sha256:c1fbe7621c167ecaa38ad29643d77a9ce7311583761abf7836e1510c580bf3dd"},
    {file = "Pillow-10.0.0-cp311-cp311-manylinux_2_28_x86_64.whl", hash = "sha256:cd25d2a9d2b36fcb318882481367956d2cf91329f6892fe5d385c346c0649629"},
    {file = "Pillow-10.0.0-cp311-cp311-musllinux_1_1_aarch64.whl", hash = "sha256:3b08d4cc24f471b2c8ca24ec060abf4bebc6b144cb89cba638c720546b1cf538"},
    {file = "Pillow-10.0.0-cp311-cp311-musllinux_1_1_x86_64.whl", hash = "sha256:d737a602fbd82afd892ca746392401b634e278cb65d55c4b7a8f48e9ef8d008d"},
    {file = "Pillow-10.0.0-cp311-cp311-win_amd64.whl", hash = "sha256:3a82c40d706d9aa9734289740ce26460a11aeec2d9c79b7af87bb35f0073c12f"},
    {file = "Pillow-10.0.0-cp311-cp311-win_arm64.whl", hash = "sha256:bc2ec7c7b5d66b8ec9ce9f720dbb5fa4bace0f545acd34870eff4a369b44bf37"},
    {file = "Pillow-10.0.0-cp312-cp312-macosx_10_10_x86_64.whl", hash = "sha256:d80cf684b541685fccdd84c485b31ce73fc5c9b5d7523bf1394ce134a60c6883"},
    {file = "Pillow-10.0.0-cp312-cp312-macosx_11_0_arm64.whl", hash = "sha256:76de421f9c326da8f43d690110f0e79fe3ad1e54be811545d7d91898b4c8493e"},
    {file = "Pillow-10.0.0-cp312-cp312-manylinux_2_17_aarch64.manylinux2014_aarch64.whl", hash = "sha256:81ff539a12457809666fef6624684c008e00ff6bf455b4b89fd00a140eecd640"},
    {file = "Pillow-10.0.0-cp312-cp312-manylinux_2_17_x86_64.manylinux2014_x86_64.whl", hash = "sha256:ce543ed15570eedbb85df19b0a1a7314a9c8141a36ce089c0a894adbfccb4568"},
    {file = "Pillow-10.0.0-cp312-cp312-manylinux_2_28_aarch64.whl", hash = "sha256:685ac03cc4ed5ebc15ad5c23bc555d68a87777586d970c2c3e216619a5476223"},
    {file = "Pillow-10.0.0-cp312-cp312-manylinux_2_28_x86_64.whl", hash = "sha256:d72e2ecc68a942e8cf9739619b7f408cc7b272b279b56b2c83c6123fcfa5cdff"},
    {file = "Pillow-10.0.0-cp312-cp312-musllinux_1_1_aarch64.whl", hash = "sha256:d50b6aec14bc737742ca96e85d6d0a5f9bfbded018264b3b70ff9d8c33485551"},
    {file = "Pillow-10.0.0-cp312-cp312-musllinux_1_1_x86_64.whl", hash = "sha256:00e65f5e822decd501e374b0650146063fbb30a7264b4d2744bdd7b913e0cab5"},
    {file = "Pillow-10.0.0-cp312-cp312-win_amd64.whl", hash = "sha256:f31f9fdbfecb042d046f9d91270a0ba28368a723302786c0009ee9b9f1f60199"},
    {file = "Pillow-10.0.0-cp312-cp312-win_arm64.whl", hash = "sha256:1ce91b6ec08d866b14413d3f0bbdea7e24dfdc8e59f562bb77bc3fe60b6144ca"},
    {file = "Pillow-10.0.0-cp38-cp38-macosx_10_10_x86_64.whl", hash = "sha256:349930d6e9c685c089284b013478d6f76e3a534e36ddfa912cde493f235372f3"},
    {file = "Pillow-10.0.0-cp38-cp38-macosx_11_0_arm64.whl", hash = "sha256:3a684105f7c32488f7153905a4e3015a3b6c7182e106fe3c37fbb5ef3e6994c3"},
    {file = "Pillow-10.0.0-cp38-cp38-manylinux_2_17_aarch64.manylinux2014_aarch64.whl", hash = "sha256:b4f69b3700201b80bb82c3a97d5e9254084f6dd5fb5b16fc1a7b974260f89f43"},
    {file = "Pillow-10.0.0-cp38-cp38-manylinux_2_17_x86_64.manylinux2014_x86_64.whl", hash = "sha256:3f07ea8d2f827d7d2a49ecf1639ec02d75ffd1b88dcc5b3a61bbb37a8759ad8d"},
    {file = "Pillow-10.0.0-cp38-cp38-manylinux_2_28_aarch64.whl", hash = "sha256:040586f7d37b34547153fa383f7f9aed68b738992380ac911447bb78f2abe530"},
    {file = "Pillow-10.0.0-cp38-cp38-manylinux_2_28_x86_64.whl", hash = "sha256:f88a0b92277de8e3ca715a0d79d68dc82807457dae3ab8699c758f07c20b3c51"},
    {file = "Pillow-10.0.0-cp38-cp38-musllinux_1_1_aarch64.whl", hash = "sha256:c7cf14a27b0d6adfaebb3ae4153f1e516df54e47e42dcc073d7b3d76111a8d86"},
    {file = "Pillow-10.0.0-cp38-cp38-musllinux_1_1_x86_64.whl", hash = "sha256:3400aae60685b06bb96f99a21e1ada7bc7a413d5f49bce739828ecd9391bb8f7"},
    {file = "Pillow-10.0.0-cp38-cp38-win_amd64.whl", hash = "sha256:dbc02381779d412145331789b40cc7b11fdf449e5d94f6bc0b080db0a56ea3f0"},
    {file = "Pillow-10.0.0-cp39-cp39-macosx_10_10_x86_64.whl", hash = "sha256:9211e7ad69d7c9401cfc0e23d49b69ca65ddd898976d660a2fa5904e3d7a9baa"},
    {file = "Pillow-10.0.0-cp39-cp39-macosx_11_0_arm64.whl", hash = "sha256:faaf07ea35355b01a35cb442dd950d8f1bb5b040a7787791a535de13db15ed90"},
    {file = "Pillow-10.0.0-cp39-cp39-manylinux_2_17_aarch64.manylinux2014_aarch64.whl", hash = "sha256:c9f72a021fbb792ce98306ffb0c348b3c9cb967dce0f12a49aa4c3d3fdefa967"},
    {file = "Pillow-10.0.0-cp39-cp39-manylinux_2_17_x86_64.manylinux2014_x86_64.whl", hash = "sha256:9f7c16705f44e0504a3a2a14197c1f0b32a95731d251777dcb060aa83022cb2d"},
    {file = "Pillow-10.0.0-cp39-cp39-manylinux_2_28_aarch64.whl", hash = "sha256:76edb0a1fa2b4745fb0c99fb9fb98f8b180a1bbceb8be49b087e0b21867e77d3"},
    {file = "Pillow-10.0.0-cp39-cp39-manylinux_2_28_x86_64.whl", hash = "sha256:368ab3dfb5f49e312231b6f27b8820c823652b7cd29cfbd34090565a015e99ba"},
    {file = "Pillow-10.0.0-cp39-cp39-musllinux_1_1_aarch64.whl", hash = "sha256:608bfdee0d57cf297d32bcbb3c728dc1da0907519d1784962c5f0c68bb93e5a3"},
    {file = "Pillow-10.0.0-cp39-cp39-musllinux_1_1_x86_64.whl", hash = "sha256:5c6e3df6bdd396749bafd45314871b3d0af81ff935b2d188385e970052091017"},
    {file = "Pillow-10.0.0-cp39-cp39-win_amd64.whl", hash = "sha256:7be600823e4c8631b74e4a0d38384c73f680e6105a7d3c6824fcf226c178c7e6"},
    {file = "Pillow-10.0.0-pp310-pypy310_pp73-macosx_10_10_x86_64.whl", hash = "sha256:92be919bbc9f7d09f7ae343c38f5bb21c973d2576c1d45600fce4b74bafa7ac0"},
    {file = "Pillow-10.0.0-pp310-pypy310_pp73-manylinux_2_17_x86_64.manylinux2014_x86_64.whl", hash = "sha256:8f8182b523b2289f7c415f589118228d30ac8c355baa2f3194ced084dac2dbba"},
    {file = "Pillow-10.0.0-pp310-pypy310_pp73-manylinux_2_28_x86_64.whl", hash = "sha256:38250a349b6b390ee6047a62c086d3817ac69022c127f8a5dc058c31ccef17f3"},
    {file = "Pillow-10.0.0-pp310-pypy310_pp73-win_amd64.whl", hash = "sha256:88af2003543cc40c80f6fca01411892ec52b11021b3dc22ec3bc9d5afd1c5334"},
    {file = "Pillow-10.0.0-pp39-pypy39_pp73-macosx_10_10_x86_64.whl", hash = "sha256:c189af0545965fa8d3b9613cfdb0cd37f9d71349e0f7750e1fd704648d475ed2"},
    {file = "Pillow-10.0.0-pp39-pypy39_pp73-manylinux_2_17_x86_64.manylinux2014_x86_64.whl", hash = "sha256:ce7b031a6fc11365970e6a5686d7ba8c63e4c1cf1ea143811acbb524295eabed"},
    {file = "Pillow-10.0.0-pp39-pypy39_pp73-manylinux_2_28_x86_64.whl", hash = "sha256:db24668940f82321e746773a4bc617bfac06ec831e5c88b643f91f122a785684"},
    {file = "Pillow-10.0.0-pp39-pypy39_pp73-win_amd64.whl", hash = "sha256:efe8c0681042536e0d06c11f48cebe759707c9e9abf880ee213541c5b46c5bf3"},
    {file = "Pillow-10.0.0.tar.gz", hash = "sha256:9c82b5b3e043c7af0d95792d0d20ccf68f61a1fec6b3530e718b688422727396"},
]

[package.extras]
docs = ["furo", "olefile", "sphinx (>=2.4)", "sphinx-copybutton", "sphinx-inline-tabs", "sphinx-removed-in", "sphinxext-opengraph"]
tests = ["check-manifest", "coverage", "defusedxml", "markdown2", "olefile", "packaging", "pyroma", "pytest", "pytest-cov", "pytest-timeout"]

[[package]]
name = "piper-phonemize"
version = "1.1.0"
description = "Phonemization libary used by Piper text to speech system"
optional = false
python-versions = ">=3.7"
files = [
    {file = "piper_phonemize-1.1.0-cp310-cp310-manylinux_2_28_aarch64.whl", hash = "sha256:a39507d2105acce4b6a01cb9c62c714e45f45f35753e2c7a52a195e97e1a00d9"},
    {file = "piper_phonemize-1.1.0-cp310-cp310-manylinux_2_28_x86_64.whl", hash = "sha256:a1a6d468afba2eba084ec7457d1eb74b758ade94125b03c216b892150f3caa1c"},
    {file = "piper_phonemize-1.1.0-cp311-cp311-manylinux_2_28_aarch64.whl", hash = "sha256:793077437584cf314a6d49c9c6d9d655b4c373391da5384e832208aa80402949"},
    {file = "piper_phonemize-1.1.0-cp311-cp311-manylinux_2_28_x86_64.whl", hash = "sha256:c1062e00c94835e9115df7ce1d7b3b5c40c6d845cd70b2c121954faf5b8d23c7"},
    {file = "piper_phonemize-1.1.0-cp39-cp39-manylinux_2_28_aarch64.whl", hash = "sha256:855200dec36ed040df4dcac0bc7d816a95434af87f55ad9c367be68415e4ad52"},
    {file = "piper_phonemize-1.1.0-cp39-cp39-manylinux_2_28_x86_64.whl", hash = "sha256:59158d9dce0ee6c6f3f53cd48b13ef0069bf191f4203846f7c1ffab42160b699"},
]

[[package]]
name = "piper-tts"
version = "1.2.0"
description = "A fast, local neural text to speech system that sounds great and is optimized for the Raspberry Pi 4."
optional = false
python-versions = "*"
files = [
    {file = "piper_tts-1.2.0-py3-none-any.whl", hash = "sha256:f3410aea0f8051d8a118050a5b954faeb36f6ac0da6d10fc2f8a043a8eaf27b5"},
]

[package.dependencies]
onnxruntime = ">=1.11.0,<2"
piper-phonemize = ">=1.1.0,<1.2.0"

[[package]]
name = "protobuf"
version = "4.24.1"
description = ""
optional = false
python-versions = ">=3.7"
files = [
    {file = "protobuf-4.24.1-cp310-abi3-win32.whl", hash = "sha256:d414199ca605eeb498adc4d2ba82aedc0379dca4a7c364ff9bc9a179aa28e71b"},
    {file = "protobuf-4.24.1-cp310-abi3-win_amd64.whl", hash = "sha256:5906c5e79ff50fe38b2d49d37db5874e3c8010826f2362f79996d83128a8ed9b"},
    {file = "protobuf-4.24.1-cp37-abi3-macosx_10_9_universal2.whl", hash = "sha256:970c701ee16788d74f3de20938520d7a0aebc7e4fff37096a48804c80d2908cf"},
    {file = "protobuf-4.24.1-cp37-abi3-manylinux2014_aarch64.whl", hash = "sha256:fc361148e902949dcb953bbcb148c99fe8f8854291ad01107e4120361849fd0e"},
    {file = "protobuf-4.24.1-cp37-abi3-manylinux2014_x86_64.whl", hash = "sha256:5d32363d14aca6e5c9e9d5918ad8fb65b091b6df66740ae9de50ac3916055e43"},
    {file = "protobuf-4.24.1-cp37-cp37m-win32.whl", hash = "sha256:df015c47d6855b8efa0b9be706c70bf7f050a4d5ac6d37fb043fbd95157a0e25"},
    {file = "protobuf-4.24.1-cp37-cp37m-win_amd64.whl", hash = "sha256:d4af4fd9e9418e819be30f8df2a16e72fbad546a7576ac7f3653be92a6966d30"},
    {file = "protobuf-4.24.1-cp38-cp38-win32.whl", hash = "sha256:302e8752c760549ed4c7a508abc86b25d46553c81989343782809e1a062a2ef9"},
    {file = "protobuf-4.24.1-cp38-cp38-win_amd64.whl", hash = "sha256:06437f0d4bb0d5f29e3d392aba69600188d4be5ad1e0a3370e581a9bf75a3081"},
    {file = "protobuf-4.24.1-cp39-cp39-win32.whl", hash = "sha256:0b2b224e9541fe9f046dd7317d05f08769c332b7e4c54d93c7f0f372dedb0b1a"},
    {file = "protobuf-4.24.1-cp39-cp39-win_amd64.whl", hash = "sha256:bd39b9094a4cc003a1f911b847ab379f89059f478c0b611ba1215053e295132e"},
    {file = "protobuf-4.24.1-py3-none-any.whl", hash = "sha256:55dd644adc27d2a624339332755fe077c7f26971045b469ebb9732a69ce1f2ca"},
    {file = "protobuf-4.24.1.tar.gz", hash = "sha256:44837a5ed9c9418ad5d502f89f28ba102e9cd172b6668bc813f21716f9273348"},
]

[[package]]
name = "pyaudio"
version = "0.2.13"
description = "Cross-platform audio I/O with PortAudio"
optional = false
python-versions = "*"
files = [
    {file = "PyAudio-0.2.13-cp310-cp310-win32.whl", hash = "sha256:48e29537ea22ae2ae323eebe297bfb2683831cee4f20d96964e131f65ab2161d"},
    {file = "PyAudio-0.2.13-cp310-cp310-win_amd64.whl", hash = "sha256:87137cfd0ef8608a2a383be3f6996f59505e322dab9d16531f14cf542fa294f1"},
    {file = "PyAudio-0.2.13-cp311-cp311-win32.whl", hash = "sha256:13915faaa780e6bbbb6d745ef0e761674fd461b1b1b3f9c1f57042a534bfc0c3"},
    {file = "PyAudio-0.2.13-cp311-cp311-win_amd64.whl", hash = "sha256:59cc3cc5211b729c7854e3989058a145872cc58b1a7b46c6d4d88448a343d890"},
    {file = "PyAudio-0.2.13-cp37-cp37m-win32.whl", hash = "sha256:d294e3f85b2238649b1ff49ce3412459a8a312569975a89d14646536362d7576"},
    {file = "PyAudio-0.2.13-cp37-cp37m-win_amd64.whl", hash = "sha256:ff7f5e44ef51fe61da1e09c6f632f0b5808198edd61b363855cc7dd03bf4a8ac"},
    {file = "PyAudio-0.2.13-cp38-cp38-win32.whl", hash = "sha256:c6b302b048c054b7463936d8ba884b73877dc47012f3c94665dba92dd658ae04"},
    {file = "PyAudio-0.2.13-cp38-cp38-win_amd64.whl", hash = "sha256:1505d766ee718df6f5a18b73ac42307ba1cb4d2c0397873159254a34f67515d6"},
    {file = "PyAudio-0.2.13-cp39-cp39-win32.whl", hash = "sha256:eb128e4a6ea9b98d9a31f33c44978885af27dbe8ae53d665f8790cbfe045517e"},
    {file = "PyAudio-0.2.13-cp39-cp39-win_amd64.whl", hash = "sha256:910ef09225cce227adbba92622d4a3e3c8375117f7dd64039f287d9ffc0e02a1"},
    {file = "PyAudio-0.2.13.tar.gz", hash = "sha256:26bccc81e4243d1c0ff5487e6b481de6329fcd65c79365c267cef38f363a2b56"},
]

[package.extras]
test = ["numpy"]

[[package]]
name = "pyreadline3"
version = "3.4.1"
description = "A python implementation of GNU readline."
optional = false
python-versions = "*"
files = [
    {file = "pyreadline3-3.4.1-py3-none-any.whl", hash = "sha256:b0efb6516fd4fb07b45949053826a62fa4cb353db5be2bbb4a7aa1fdd1e345fb"},
    {file = "pyreadline3-3.4.1.tar.gz", hash = "sha256:6f3d1f7b8a31ba32b73917cefc1f28cc660562f39aea8646d30bd6eff21f7bae"},
]

[[package]]
name = "sympy"
version = "1.12"
description = "Computer algebra system (CAS) in Python"
optional = false
python-versions = ">=3.8"
files = [
    {file = "sympy-1.12-py3-none-any.whl", hash = "sha256:c3588cd4295d0c0f603d0f2ae780587e64e2efeedb3521e46b9bb1d08d184fa5"},
    {file = "sympy-1.12.tar.gz", hash = "sha256:ebf595c8dac3e0fdc4152c51878b498396ec7f30e7a914d6071e674d49420fb8"},
]

[package.dependencies]
mpmath = ">=0.19"

[metadata]
lock-version = "2.0"
python-versions = "3.10.12"
content-hash = "867c470ef49f1281cc66c07af17703146e4ef7493a61a92dc24d4059939712f7"
